
Microsoft Visual Studio Solution File, Format Version 12.00
# Visual Studio Version 17
VisualStudioVersion = 17.9.34728.123
MinimumVisualStudioVersion = 10.0.40219.1
Project("{FAE04EC0-301F-11D3-BF4B-00C04F79EFBC}") = "Proyecto_PuntoDeVentas", "Proyecto_PuntoDeVentas.csproj", "{5C95BE93-81DE-4A36-933E-7E6F2F76E19D}"
EndProject
Global
	GlobalSection(SolutionConfigurationPlatforms) = preSolution
		Debug|Any CPU = Debug|Any CPU
		Release|Any CPU = Release|Any CPU
	EndGlobalSection
	GlobalSection(ProjectConfigurationPlatforms) = postSolution
		{5C95BE93-81DE-4A36-933E-7E6F2F76E19D}.Debug|Any CPU.ActiveCfg = Debug|Any CPU
		{5C95BE93-81DE-4A36-933E-7E6F2F76E19D}.Debug|Any CPU.Build.0 = Debug|Any CPU
		{5C95BE93-81DE-4A36-933E-7E6F2F76E19D}.Release|Any CPU.ActiveCfg = Release|Any CPU
		{5C95BE93-81DE-4A36-933E-7E6F2F76E19D}.Release|Any CPU.Build.0 = Release|Any CPU
	EndGlobalSection
	GlobalSection(SolutionProperties) = preSolution
		HideSolutionNode = FALSE
	EndGlobalSection
	GlobalSection(ExtensibilityGlobals) = postSolution
		SolutionGuid = {88468316-DE88-497D-A20A-13A133472369}
	EndGlobalSection
EndGlobal
